
Microsoft Visual Studio Solution File, Format Version 12.00
# Visual Studio Version 16
VisualStudioVersion = 16.0.30717.126
MinimumVisualStudioVersion = 10.0.40219.1
Project("{FAE04EC0-301F-11D3-BF4B-00C04F79EFBC}") = "Ch02FutureValueCollins", "Ch02FutureValueCollins.csproj", "{8DF80AF7-CAFC-46C4-B4BA-CF69F4BB944E}"
EndProject
Global
	GlobalSection(SolutionConfigurationPlatforms) = preSolution
		Debug|Any CPU = Debug|Any CPU
		Release|Any CPU = Release|Any CPU
	EndGlobalSection
	GlobalSection(ProjectConfigurationPlatforms) = postSolution
		{8DF80AF7-CAFC-46C4-B4BA-CF69F4BB944E}.Debug|Any CPU.ActiveCfg = Debug|Any CPU
		{8DF80AF7-CAFC-46C4-B4BA-CF69F4BB944E}.Debug|Any CPU.Build.0 = Debug|Any CPU
		{8DF80AF7-CAFC-46C4-B4BA-CF69F4BB944E}.Release|Any CPU.ActiveCfg = Release|Any CPU
		{8DF80AF7-CAFC-46C4-B4BA-CF69F4BB944E}.Release|Any CPU.Build.0 = Release|Any CPU
	EndGlobalSection
	GlobalSection(SolutionProperties) = preSolution
		HideSolutionNode = FALSE
	EndGlobalSection
	GlobalSection(ExtensibilityGlobals) = postSolution
		SolutionGuid = {1176248D-2A5C-4B95-A706-95B1938E0D32}
	EndGlobalSection
EndGlobal
